
Microsoft Visual Studio Solution File, Format Version 12.00
# Visual Studio Version 17
VisualStudioVersion = 17.0.32002.185
MinimumVisualStudioVersion = 10.0.40219.1
Project("{FAE04EC0-301F-11D3-BF4B-00C04F79EFBC}") = "Sample703", "Sample703\Sample703.csproj", "{388CA545-FD5C-4D9D-BFA0-734893B56FEC}"
EndProject
Global
	GlobalSection(SolutionConfigurationPlatforms) = preSolution
		Debug|Any CPU = Debug|Any CPU
		Release|Any CPU = Release|Any CPU
	EndGlobalSection
	GlobalSection(ProjectConfigurationPlatforms) = postSolution
		{388CA545-FD5C-4D9D-BFA0-734893B56FEC}.Debug|Any CPU.ActiveCfg = Debug|Any CPU
		{388CA545-FD5C-4D9D-BFA0-734893B56FEC}.Debug|Any CPU.Build.0 = Debug|Any CPU
		{388CA545-FD5C-4D9D-BFA0-734893B56FEC}.Release|Any CPU.ActiveCfg = Release|Any CPU
		{388CA545-FD5C-4D9D-BFA0-734893B56FEC}.Release|Any CPU.Build.0 = Release|Any CPU
	EndGlobalSection
	GlobalSection(SolutionProperties) = preSolution
		HideSolutionNode = FALSE
	EndGlobalSection
	GlobalSection(ExtensibilityGlobals) = postSolution
		SolutionGuid = {173C7019-D838-4E76-BDB1-7437E1A1DC79}
	EndGlobalSection
EndGlobal
